
Microsoft Visual Studio Solution File, Format Version 12.00
# Visual Studio Version 17
VisualStudioVersion = 17.0.32014.148
MinimumVisualStudioVersion = 10.0.40219.1
Project("{FAE04EC0-301F-11D3-BF4B-00C04F79EFBC}") = "eShopSolutionWEBAPP1", "eShopSolutionWEBAPP1\eShopSolutionWEBAPP1.csproj", "{FA7263FC-E972-49FF-89EB-31957B0249D3}"
EndProject
Project("{2150E333-8FDC-42A3-9474-1A3956D46DE8}") = "Solution Items", "Solution Items", "{365A2766-B3C1-484F-905E-947CC68C9959}"
	ProjectSection(SolutionItems) = preProject
		README.md = README.md
	EndProjectSection
EndProject
Project("{FAE04EC0-301F-11D3-BF4B-00C04F79EFBC}") = "eShopSolution.Data", "eShopSolution.Data\eShopSolution.Data.csproj", "{104C963F-B9CE-4CCE-8B42-7C236E6A213B}"
EndProject
Project("{FAE04EC0-301F-11D3-BF4B-00C04F79EFBC}") = "eShopSolution.Application", "eShopSolution.Application\eShopSolution.Application.csproj", "{8B0338BE-020B-47A7-BBC5-03F431B96A4F}"
EndProject
Global
	GlobalSection(SolutionConfigurationPlatforms) = preSolution
		Debug|Any CPU = Debug|Any CPU
		Release|Any CPU = Release|Any CPU
	EndGlobalSection
	GlobalSection(ProjectConfigurationPlatforms) = postSolution
		{FA7263FC-E972-49FF-89EB-31957B0249D3}.Debug|Any CPU.ActiveCfg = Debug|Any CPU
		{FA7263FC-E972-49FF-89EB-31957B0249D3}.Debug|Any CPU.Build.0 = Debug|Any CPU
		{FA7263FC-E972-49FF-89EB-31957B0249D3}.Release|Any CPU.ActiveCfg = Release|Any CPU
		{FA7263FC-E972-49FF-89EB-31957B0249D3}.Release|Any CPU.Build.0 = Release|Any CPU
		{104C963F-B9CE-4CCE-8B42-7C236E6A213B}.Debug|Any CPU.ActiveCfg = Debug|Any CPU
		{104C963F-B9CE-4CCE-8B42-7C236E6A213B}.Debug|Any CPU.Build.0 = Debug|Any CPU
		{104C963F-B9CE-4CCE-8B42-7C236E6A213B}.Release|Any CPU.ActiveCfg = Release|Any CPU
		{104C963F-B9CE-4CCE-8B42-7C236E6A213B}.Release|Any CPU.Build.0 = Release|Any CPU
		{8B0338BE-020B-47A7-BBC5-03F431B96A4F}.Debug|Any CPU.ActiveCfg = Debug|Any CPU
		{8B0338BE-020B-47A7-BBC5-03F431B96A4F}.Debug|Any CPU.Build.0 = Debug|Any CPU
		{8B0338BE-020B-47A7-BBC5-03F431B96A4F}.Release|Any CPU.ActiveCfg = Release|Any CPU
		{8B0338BE-020B-47A7-BBC5-03F431B96A4F}.Release|Any CPU.Build.0 = Release|Any CPU
	EndGlobalSection
	GlobalSection(SolutionProperties) = preSolution
		HideSolutionNode = FALSE
	EndGlobalSection
	GlobalSection(ExtensibilityGlobals) = postSolution
		SolutionGuid = {1BFF4A30-DD0A-4A32-B1DC-631C9B16E434}
	EndGlobalSection
EndGlobal
